
Microsoft Visual Studio Solution File, Format Version 12.00
# Visual Studio 14
VisualStudioVersion = 14.0.25420.1
MinimumVisualStudioVersion = 10.0.40219.1
Project("{FAE04EC0-301F-11D3-BF4B-00C04F79EFBC}") = "GeometryDash", "GeometryDash.csproj", "{92526A29-6E6D-45EA-B702-9D0EE344C114}"
EndProject
Global
	GlobalSection(SolutionConfigurationPlatforms) = preSolution
		Debug|Any CPU = Debug|Any CPU
		Release|Any CPU = Release|Any CPU
	EndGlobalSection
	GlobalSection(ProjectConfigurationPlatforms) = postSolution
		{92526A29-6E6D-45EA-B702-9D0EE344C114}.Debug|Any CPU.ActiveCfg = Debug|Any CPU
		{92526A29-6E6D-45EA-B702-9D0EE344C114}.Debug|Any CPU.Build.0 = Debug|Any CPU
		{92526A29-6E6D-45EA-B702-9D0EE344C114}.Release|Any CPU.ActiveCfg = Release|Any CPU
		{92526A29-6E6D-45EA-B702-9D0EE344C114}.Release|Any CPU.Build.0 = Release|Any CPU
	EndGlobalSection
	GlobalSection(SolutionProperties) = preSolution
		HideSolutionNode = FALSE
	EndGlobalSection
EndGlobal
